{
  "requires": true,
  "lockfileVersion": 1,
  "dependencies": {
    "@pathofdev/react-tag-input": {
      "version": "1.0.7",
      "resolved": "https://registry.npm.taobao.org/@pathofdev/react-tag-input/download/@pathofdev/react-tag-input-1.0.7.tgz",
      "integrity": "sha1-rOFsiQOmW7hvE2Yjp2HW1QXHvYY="
    }
  }
}
